# This file is automatically @generated by Cargo.
# It is not intended for manual editing.
version = 4

[[package]]
name = "itoa"
version = "1.0.18"
source = "registry+https://github.com/rust-lang/crates.io-index"
checksum = "8f42a60cbdf9a97f5d2305f08a87dc4e09308d1276d28c869c684d7777685682"

[[package]]
name = "rust-lib"
version = "1.0.1"
dependencies = [
 "itoa",
]

[[package]]
name = "unicode-ident"
version = "1.0.24"
source = "registry+https://github.com/rust-lang/crates.io-index"
checksum = "e6e4313cd5fcd3dad5cafa179702e2b244f760991f45397d14d4ebf38247da75"

[[package]]
name = "workspace-app"
version = "0.1.0"
dependencies = [
 "rust-lib",
 "unicode-ident",
 "workspace-support",
]

[[package]]
name = "workspace-support"
version = "0.1.0"
dependencies = [
 "rust-lib",
]
